
Microsoft Visual Studio Solution File, Format Version 12.00
# Visual Studio 2012
Project("{FAE04EC0-301F-11D3-BF4B-00C04F79EFBC}") = "BasicBeerForms", "Core\BasicBeerForms.csproj", "{E1018561-2898-4A53-97BC-ADC9DE378303}"
EndProject
Project("{FAE04EC0-301F-11D3-BF4B-00C04F79EFBC}") = "BasicBeerForms.iOS", "iOS\BasicBeerForms.iOS.csproj", "{60E947B7-68BD-4A9D-8D51-A6EE351B3B75}"
EndProject
Project("{FAE04EC0-301F-11D3-BF4B-00C04F79EFBC}") = "BasicBeerForms.Droid", "Droid\BasicBeerForms.Droid.csproj", "{95CFC0B3-F970-4728-93A8-0BD1DBDF5224}"
EndProject
Project("{FAE04EC0-301F-11D3-BF4B-00C04F79EFBC}") = "BasicBeerForms.Droid.UITests", "UITests\Droid\BasicBeerForms.Droid.UITests.csproj", "{A669D678-AA1D-4E45-85AB-A635751A52DD}"
EndProject
Project("{FAE04EC0-301F-11D3-BF4B-00C04F79EFBC}") = "BasicBeerForms.iOS.UITests", "UITests\iOS\BasicBeerForms.iOS.UITests.csproj", "{3372D034-DC39-47F8-8272-6687027DEAB7}"
EndProject
Global
	GlobalSection(SolutionConfigurationPlatforms) = preSolution
		Debug|Any CPU = Debug|Any CPU
		Release|Any CPU = Release|Any CPU
		Debug|iPhoneSimulator = Debug|iPhoneSimulator
		Release|iPhone = Release|iPhone
		Release|iPhoneSimulator = Release|iPhoneSimulator
		Debug|iPhone = Debug|iPhone
	EndGlobalSection
	GlobalSection(ProjectConfigurationPlatforms) = postSolution
		{3372D034-DC39-47F8-8272-6687027DEAB7}.Debug|Any CPU.ActiveCfg = Debug|Any CPU
		{3372D034-DC39-47F8-8272-6687027DEAB7}.Debug|iPhone.ActiveCfg = Debug|Any CPU
		{3372D034-DC39-47F8-8272-6687027DEAB7}.Debug|iPhone.Build.0 = Debug|Any CPU
		{3372D034-DC39-47F8-8272-6687027DEAB7}.Debug|iPhoneSimulator.ActiveCfg = Debug|Any CPU
		{3372D034-DC39-47F8-8272-6687027DEAB7}.Debug|iPhoneSimulator.Build.0 = Debug|Any CPU
		{3372D034-DC39-47F8-8272-6687027DEAB7}.Release|Any CPU.ActiveCfg = Release|Any CPU
		{3372D034-DC39-47F8-8272-6687027DEAB7}.Release|iPhone.ActiveCfg = Release|Any CPU
		{3372D034-DC39-47F8-8272-6687027DEAB7}.Release|iPhoneSimulator.ActiveCfg = Release|Any CPU
		{60E947B7-68BD-4A9D-8D51-A6EE351B3B75}.Debug|Any CPU.ActiveCfg = Debug|iPhoneSimulator
		{60E947B7-68BD-4A9D-8D51-A6EE351B3B75}.Debug|iPhone.ActiveCfg = Debug|iPhone
		{60E947B7-68BD-4A9D-8D51-A6EE351B3B75}.Debug|iPhone.Build.0 = Debug|iPhone
		{60E947B7-68BD-4A9D-8D51-A6EE351B3B75}.Debug|iPhoneSimulator.ActiveCfg = Debug|iPhoneSimulator
		{60E947B7-68BD-4A9D-8D51-A6EE351B3B75}.Debug|iPhoneSimulator.Build.0 = Debug|iPhoneSimulator
		{60E947B7-68BD-4A9D-8D51-A6EE351B3B75}.Release|Any CPU.ActiveCfg = Release|iPhone
		{60E947B7-68BD-4A9D-8D51-A6EE351B3B75}.Release|iPhone.ActiveCfg = Release|iPhone
		{60E947B7-68BD-4A9D-8D51-A6EE351B3B75}.Release|iPhone.Build.0 = Release|iPhone
		{60E947B7-68BD-4A9D-8D51-A6EE351B3B75}.Release|iPhoneSimulator.ActiveCfg = Release|iPhoneSimulator
		{60E947B7-68BD-4A9D-8D51-A6EE351B3B75}.Release|iPhoneSimulator.Build.0 = Release|iPhoneSimulator
		{95CFC0B3-F970-4728-93A8-0BD1DBDF5224}.Debug|Any CPU.ActiveCfg = Debug|Any CPU
		{95CFC0B3-F970-4728-93A8-0BD1DBDF5224}.Debug|Any CPU.Build.0 = Debug|Any CPU
		{95CFC0B3-F970-4728-93A8-0BD1DBDF5224}.Debug|iPhone.ActiveCfg = Debug|Any CPU
		{95CFC0B3-F970-4728-93A8-0BD1DBDF5224}.Debug|iPhoneSimulator.ActiveCfg = Debug|Any CPU
		{95CFC0B3-F970-4728-93A8-0BD1DBDF5224}.Release|Any CPU.ActiveCfg = Release|Any CPU
		{95CFC0B3-F970-4728-93A8-0BD1DBDF5224}.Release|Any CPU.Build.0 = Release|Any CPU
		{95CFC0B3-F970-4728-93A8-0BD1DBDF5224}.Release|iPhone.ActiveCfg = Release|Any CPU
		{95CFC0B3-F970-4728-93A8-0BD1DBDF5224}.Release|iPhoneSimulator.ActiveCfg = Release|Any CPU
		{A669D678-AA1D-4E45-85AB-A635751A52DD}.Debug|Any CPU.ActiveCfg = Debug|Any CPU
		{A669D678-AA1D-4E45-85AB-A635751A52DD}.Debug|iPhone.ActiveCfg = Debug|Any CPU
		{A669D678-AA1D-4E45-85AB-A635751A52DD}.Debug|iPhoneSimulator.ActiveCfg = Debug|Any CPU
		{A669D678-AA1D-4E45-85AB-A635751A52DD}.Release|Any CPU.ActiveCfg = Release|Any CPU
		{A669D678-AA1D-4E45-85AB-A635751A52DD}.Release|Any CPU.Build.0 = Release|Any CPU
		{A669D678-AA1D-4E45-85AB-A635751A52DD}.Release|iPhone.ActiveCfg = Release|Any CPU
		{A669D678-AA1D-4E45-85AB-A635751A52DD}.Release|iPhoneSimulator.ActiveCfg = Release|Any CPU
		{E1018561-2898-4A53-97BC-ADC9DE378303}.Debug|Any CPU.ActiveCfg = Debug|Any CPU
		{E1018561-2898-4A53-97BC-ADC9DE378303}.Debug|Any CPU.Build.0 = Debug|Any CPU
		{E1018561-2898-4A53-97BC-ADC9DE378303}.Debug|iPhone.ActiveCfg = Debug|Any CPU
		{E1018561-2898-4A53-97BC-ADC9DE378303}.Debug|iPhone.Build.0 = Debug|Any CPU
		{E1018561-2898-4A53-97BC-ADC9DE378303}.Debug|iPhoneSimulator.ActiveCfg = Debug|Any CPU
		{E1018561-2898-4A53-97BC-ADC9DE378303}.Debug|iPhoneSimulator.Build.0 = Debug|Any CPU
		{E1018561-2898-4A53-97BC-ADC9DE378303}.Release|Any CPU.ActiveCfg = Release|Any CPU
		{E1018561-2898-4A53-97BC-ADC9DE378303}.Release|Any CPU.Build.0 = Release|Any CPU
		{E1018561-2898-4A53-97BC-ADC9DE378303}.Release|iPhone.ActiveCfg = Release|Any CPU
		{E1018561-2898-4A53-97BC-ADC9DE378303}.Release|iPhone.Build.0 = Release|Any CPU
		{E1018561-2898-4A53-97BC-ADC9DE378303}.Release|iPhoneSimulator.ActiveCfg = Release|Any CPU
		{E1018561-2898-4A53-97BC-ADC9DE378303}.Release|iPhoneSimulator.Build.0 = Release|Any CPU
	EndGlobalSection
EndGlobal
